// !$*UTF8*$!
{
	archiveVersion = 1;
	classes = {
	};
	objectVersion = 51;
	objects = {

/* Begin PBXBuildFile section */
		041483DA2356BCD20034D103 /* KTColor.swift in Sources */ = {isa = PBXBuildFile; fileRef = 041483D92356BCD20034D103 /* KTColor.swift */; };
		041483DC2356EFEC0034D103 /* KTMacro.swift in Sources */ = {isa = PBXBuildFile; fileRef = 041483DB2356EFEC0034D103 /* KTMacro.swift */; };
		041CEA96234F028700AB126F /* AppDelegate.swift in Sources */ = {isa = PBXBuildFile; fileRef = 041CEA95234F028700AB126F /* AppDelegate.swift */; };
		041CEA98234F028700AB126F /* ViewController.swift in Sources */ = {isa = PBXBuildFile; fileRef = 041CEA97234F028700AB126F /* ViewController.swift */; };
		041CEA9B234F028700AB126F /* Main.storyboard in Resources */ = {isa = PBXBuildFile; fileRef = 041CEA99234F028700AB126F /* Main.storyboard */; };
		041CEA9E234F028700AB126F /* SwiftDemo.xcdatamodeld in Sources */ = {isa = PBXBuildFile; fileRef = 041CEA9C234F028700AB126F /* SwiftDemo.xcdatamodeld */; };
		041CEAA0234F028900AB126F /* Assets.xcassets in Resources */ = {isa = PBXBuildFile; fileRef = 041CEA9F234F028900AB126F /* Assets.xcassets */; };
		041CEAA3234F028900AB126F /* LaunchScreen.storyboard in Resources */ = {isa = PBXBuildFile; fileRef = 041CEAA1234F028900AB126F /* LaunchScreen.storyboard */; };
		041CEAAE234F028900AB126F /* SwiftDemoTests.swift in Sources */ = {isa = PBXBuildFile; fileRef = 041CEAAD234F028900AB126F /* SwiftDemoTests.swift */; };
		041CEAB9234F028900AB126F /* SwiftDemoUITests.swift in Sources */ = {isa = PBXBuildFile; fileRef = 041CEAB8234F028900AB126F /* SwiftDemoUITests.swift */; };
		041CEACD234F2A5600AB126F /* KTNetworking.swift in Sources */ = {isa = PBXBuildFile; fileRef = 041CEACC234F2A5600AB126F /* KTNetworking.swift */; };
		041CEACF23507AE700AB126F /* BannerModel.swift in Sources */ = {isa = PBXBuildFile; fileRef = 041CEACE23507AE700AB126F /* BannerModel.swift */; };
		041CEAD123507B0D00AB126F /* BaseModel.swift in Sources */ = {isa = PBXBuildFile; fileRef = 041CEAD023507B0D00AB126F /* BaseModel.swift */; };
		04817B202358066E00C13F61 /* KTRefresh.swift in Sources */ = {isa = PBXBuildFile; fileRef = 04817B1F2358066E00C13F61 /* KTRefresh.swift */; };
		04AF064D2355C7D000783719 /* KTObject.m in Sources */ = {isa = PBXBuildFile; fileRef = 04AF064C2355C7D000783719 /* KTObject.m */; };
		04AF064F2355C81B00783719 /* SwiftNotice.swift in Sources */ = {isa = PBXBuildFile; fileRef = 04AF064E2355C81B00783719 /* SwiftNotice.swift */; };
		04FD0BF3235568AA003415E9 /* UserModel.swift in Sources */ = {isa = PBXBuildFile; fileRef = 04FD0BF2235568AA003415E9 /* UserModel.swift */; };
		04FD0BF5235570D2003415E9 /* TotalModel.swift in Sources */ = {isa = PBXBuildFile; fileRef = 04FD0BF4235570D2003415E9 /* TotalModel.swift */; };
		04FD0BF72355C552003415E9 /* KTHud.swift in Sources */ = {isa = PBXBuildFile; fileRef = 04FD0BF62355C552003415E9 /* KTHud.swift */; };
		6E5006E50C18C94CAE9D1790 /* Pods_SwiftDemo.framework in Frameworks */ = {isa = PBXBuildFile; fileRef = ABCE6C83F54369394ECECAE6 /* Pods_SwiftDemo.framework */; };
/* End PBXBuildFile section */

/* Begin PBXContainerItemProxy section */
		041CEAAA234F028900AB126F /* PBXContainerItemProxy */ = {
			isa = PBXContainerItemProxy;
			containerPortal = 041CEA8A234F028700AB126F /* Project object */;
			proxyType = 1;
			remoteGlobalIDString = 041CEA91234F028700AB126F;
			remoteInfo = SwiftDemo;
		};
		041CEAB5234F028900AB126F /* PBXContainerItemProxy */ = {
			isa = PBXContainerItemProxy;
			containerPortal = 041CEA8A234F028700AB126F /* Project object */;
			proxyType = 1;
			remoteGlobalIDString = 041CEA91234F028700AB126F;
			remoteInfo = SwiftDemo;
		};
/* End PBXContainerItemProxy section */

/* Begin PBXFileReference section */
		041483D92356BCD20034D103 /* KTColor.swift */ = {isa = PBXFileReference; lastKnownFileType = sourcecode.swift; path = KTColor.swift; sourceTree = "<group>"; };
		041483DB2356EFEC0034D103 /* KTMacro.swift */ = {isa = PBXFileReference; lastKnownFileType = sourcecode.swift; path = KTMacro.swift; sourceTree = "<group>"; };
		041CEA92234F028700AB126F /* SwiftDemo.app */ = {isa = PBXFileReference; explicitFileType = wrapper.application; includeInIndex = 0; path = SwiftDemo.app; sourceTree = BUILT_PRODUCTS_DIR; };
		041CEA95234F028700AB126F /* AppDelegate.swift */ = {isa = PBXFileReference; lastKnownFileType = sourcecode.swift; path = AppDelegate.swift; sourceTree = "<group>"; };
		041CEA97234F028700AB126F /* ViewController.swift */ = {isa = PBXFileReference; lastKnownFileType = sourcecode.swift; path = ViewController.swift; sourceTree = "<group>"; };
		041CEA9A234F028700AB126F /* Base */ = {isa = PBXFileReference; lastKnownFileType = file.storyboard; name = Base; path = Base.lproj/Main.storyboard; sourceTree = "<group>"; };
		041CEA9D234F028700AB126F /* SwiftDemo.xcdatamodel */ = {isa = PBXFileReference; lastKnownFileType = wrapper.xcdatamodel; path = SwiftDemo.xcdatamodel; sourceTree = "<group>"; };
		041CEA9F234F028900AB126F /* Assets.xcassets */ = {isa = PBXFileReference; lastKnownFileType = folder.assetcatalog; path = Assets.xcassets; sourceTree = "<group>"; };
		041CEAA2234F028900AB126F /* Base */ = {isa = PBXFileReference; lastKnownFileType = file.storyboard; name = Base; path = Base.lproj/LaunchScreen.storyboard; sourceTree = "<group>"; };
		041CEAA4234F028900AB126F /* Info.plist */ = {isa = PBXFileReference; lastKnownFileType = text.plist.xml; path = Info.plist; sourceTree = "<group>"; };
		041CEAA9234F028900AB126F /* SwiftDemoTests.xctest */ = {isa = PBXFileReference; explicitFileType = wrapper.cfbundle; includeInIndex = 0; path = SwiftDemoTests.xctest; sourceTree = BUILT_PRODUCTS_DIR; };
		041CEAAD234F028900AB126F /* SwiftDemoTests.swift */ = {isa = PBXFileReference; lastKnownFileType = sourcecode.swift; path = SwiftDemoTests.swift; sourceTree = "<group>"; };
		041CEAAF234F028900AB126F /* Info.plist */ = {isa = PBXFileReference; lastKnownFileType = text.plist.xml; path = Info.plist; sourceTree = "<group>"; };
		041CEAB4234F028900AB126F /* SwiftDemoUITests.xctest */ = {isa = PBXFileReference; explicitFileType = wrapper.cfbundle; includeInIndex = 0; path = SwiftDemoUITests.xctest; sourceTree = BUILT_PRODUCTS_DIR; };
		041CEAB8234F028900AB126F /* SwiftDemoUITests.swift */ = {isa = PBXFileReference; lastKnownFileType = sourcecode.swift; path = SwiftDemoUITests.swift; sourceTree = "<group>"; };
		041CEABA234F028900AB126F /* Info.plist */ = {isa = PBXFileReference; lastKnownFileType = text.plist.xml; path = Info.plist; sourceTree = "<group>"; };
		041CEACC234F2A5600AB126F /* KTNetworking.swift */ = {isa = PBXFileReference; lastKnownFileType = sourcecode.swift; path = KTNetworking.swift; sourceTree = "<group>"; };
		041CEACE23507AE700AB126F /* BannerModel.swift */ = {isa = PBXFileReference; lastKnownFileType = sourcecode.swift; path = BannerModel.swift; sourceTree = "<group>"; };
		041CEAD023507B0D00AB126F /* BaseModel.swift */ = {isa = PBXFileReference; lastKnownFileType = sourcecode.swift; path = BaseModel.swift; sourceTree = "<group>"; };
		04817B1F2358066E00C13F61 /* KTRefresh.swift */ = {isa = PBXFileReference; lastKnownFileType = sourcecode.swift; path = KTRefresh.swift; sourceTree = "<group>"; };
		04AF064A2355C7D000783719 /* SwiftDemo-Bridging-Header.h */ = {isa = PBXFileReference; lastKnownFileType = sourcecode.c.h; path = "SwiftDemo-Bridging-Header.h"; sourceTree = "<group>"; };
		04AF064B2355C7D000783719 /* KTObject.h */ = {isa = PBXFileReference; lastKnownFileType = sourcecode.c.h; path = KTObject.h; sourceTree = "<group>"; };
		04AF064C2355C7D000783719 /* KTObject.m */ = {isa = PBXFileReference; lastKnownFileType = sourcecode.c.objc; path = KTObject.m; sourceTree = "<group>"; };
		04AF064E2355C81B00783719 /* SwiftNotice.swift */ = {isa = PBXFileReference; fileEncoding = 4; lastKnownFileType = sourcecode.swift; path = SwiftNotice.swift; sourceTree = "<group>"; };
		04FD0BF2235568AA003415E9 /* UserModel.swift */ = {isa = PBXFileReference; lastKnownFileType = sourcecode.swift; path = UserModel.swift; sourceTree = "<group>"; };
		04FD0BF4235570D2003415E9 /* TotalModel.swift */ = {isa = PBXFileReference; lastKnownFileType = sourcecode.swift; path = TotalModel.swift; sourceTree = "<group>"; };
		04FD0BF62355C552003415E9 /* KTHud.swift */ = {isa = PBXFileReference; lastKnownFileType = sourcecode.swift; path = KTHud.swift; sourceTree = "<group>"; };
		8CA4A6C7D0DF93D216A3F20C /* Pods-SwiftDemo.release.xcconfig */ = {isa = PBXFileReference; includeInIndex = 1; lastKnownFileType = text.xcconfig; name = "Pods-SwiftDemo.release.xcconfig"; path = "Target Support Files/Pods-SwiftDemo/Pods-SwiftDemo.release.xcconfig"; sourceTree = "<group>"; };
		8D07421EF5472A16D44ADBF0 /* Pods-SwiftDemo.debug.xcconfig */ = {isa = PBXFileReference; includeInIndex = 1; lastKnownFileType = text.xcconfig; name = "Pods-SwiftDemo.debug.xcconfig"; path = "Target Support Files/Pods-SwiftDemo/Pods-SwiftDemo.debug.xcconfig"; sourceTree = "<group>"; };
		ABCE6C83F54369394ECECAE6 /* Pods_SwiftDemo.framework */ = {isa = PBXFileReference; explicitFileType = wrapper.framework; includeInIndex = 0; path = Pods_SwiftDemo.framework; sourceTree = BUILT_PRODUCTS_DIR; };
/* End PBXFileReference section */

/* Begin PBXFrameworksBuildPhase section */
		041CEA8F234F028700AB126F /* Frameworks */ = {
			isa = PBXFrameworksBuildPhase;
			buildActionMask = 2147483647;
			files = (
				6E5006E50C18C94CAE9D1790 /* Pods_SwiftDemo.framework in Frameworks */,
			);
			runOnlyForDeploymentPostprocessing = 0;
		};
		041CEAA6234F028900AB126F /* Frameworks */ = {
			isa = PBXFrameworksBuildPhase;
			buildActionMask = 2147483647;
			files = (
			);
			runOnlyForDeploymentPostprocessing = 0;
		};
		041CEAB1234F028900AB126F /* Frameworks */ = {
			isa = PBXFrameworksBuildPhase;
			buildActionMask = 2147483647;
			files = (
			);
			runOnlyForDeploymentPostprocessing = 0;
		};
/* End PBXFrameworksBuildPhase section */

/* Begin PBXGroup section */
		041CEA89234F028700AB126F = {
			isa = PBXGroup;
			children = (
				041CEA94234F028700AB126F /* SwiftDemo */,
				041CEAAC234F028900AB126F /* SwiftDemoTests */,
				041CEAB7234F028900AB126F /* SwiftDemoUITests */,
				041CEA93234F028700AB126F /* Products */,
				99F0D027695F3E5D0150EA7D /* Pods */,
				22A808B20A073EBC6000D2C9 /* Frameworks */,
			);
			sourceTree = "<group>";
		};
		041CEA93234F028700AB126F /* Products */ = {
			isa = PBXGroup;
			children = (
				041CEA92234F028700AB126F /* SwiftDemo.app */,
				041CEAA9234F028900AB126F /* SwiftDemoTests.xctest */,
				041CEAB4234F028900AB126F /* SwiftDemoUITests.xctest */,
			);
			name = Products;
			sourceTree = "<group>";
		};
		041CEA94234F028700AB126F /* SwiftDemo */ = {
			isa = PBXGroup;
			children = (
				041CEACB234F29EB00AB126F /* Tool */,
				041CEACA234F03C700AB126F /* Models */,
				041CEAC9234F03C000AB126F /* Views */,
				041CEAC8234F03B900AB126F /* Controllers */,
				041CEAC7234F03A000AB126F /* Sources */,
				041CEAC6234F036600AB126F /* Support */,
			);
			path = SwiftDemo;
			sourceTree = "<group>";
		};
		041CEAAC234F028900AB126F /* SwiftDemoTests */ = {
			isa = PBXGroup;
			children = (
				041CEAAD234F028900AB126F /* SwiftDemoTests.swift */,
				041CEAAF234F028900AB126F /* Info.plist */,
			);
			path = SwiftDemoTests;
			sourceTree = "<group>";
		};
		041CEAB7234F028900AB126F /* SwiftDemoUITests */ = {
			isa = PBXGroup;
			children = (
				041CEAB8234F028900AB126F /* SwiftDemoUITests.swift */,
				041CEABA234F028900AB126F /* Info.plist */,
			);
			path = SwiftDemoUITests;
			sourceTree = "<group>";
		};
		041CEAC6234F036600AB126F /* Support */ = {
			isa = PBXGroup;
			children = (
				041CEA95234F028700AB126F /* AppDelegate.swift */,
				041CEA99234F028700AB126F /* Main.storyboard */,
				041CEAA1234F028900AB126F /* LaunchScreen.storyboard */,
				041CEAA4234F028900AB126F /* Info.plist */,
				041CEA9C234F028700AB126F /* SwiftDemo.xcdatamodeld */,
				04AF064B2355C7D000783719 /* KTObject.h */,
				04AF064C2355C7D000783719 /* KTObject.m */,
				04AF064A2355C7D000783719 /* SwiftDemo-Bridging-Header.h */,
			);
			path = Support;
			sourceTree = "<group>";
		};
		041CEAC7234F03A000AB126F /* Sources */ = {
			isa = PBXGroup;
			children = (
				041CEA9F234F028900AB126F /* Assets.xcassets */,
			);
			path = Sources;
			sourceTree = "<group>";
		};
		041CEAC8234F03B900AB126F /* Controllers */ = {
			isa = PBXGroup;
			children = (
				041CEA97234F028700AB126F /* ViewController.swift */,
			);
			path = Controllers;
			sourceTree = "<group>";
		};
		041CEAC9234F03C000AB126F /* Views */ = {
			isa = PBXGroup;
			children = (
			);
			path = Views;
			sourceTree = "<group>";
		};
		041CEACA234F03C700AB126F /* Models */ = {
			isa = PBXGroup;
			children = (
				041CEACE23507AE700AB126F /* BannerModel.swift */,
				041CEAD023507B0D00AB126F /* BaseModel.swift */,
				04FD0BF2235568AA003415E9 /* UserModel.swift */,
				04FD0BF4235570D2003415E9 /* TotalModel.swift */,
			);
			path = Models;
			sourceTree = "<group>";
		};
		041CEACB234F29EB00AB126F /* Tool */ = {
			isa = PBXGroup;
			children = (
				04AF064E2355C81B00783719 /* SwiftNotice.swift */,
				041CEACC234F2A5600AB126F /* KTNetworking.swift */,
				04FD0BF62355C552003415E9 /* KTHud.swift */,
				041483D92356BCD20034D103 /* KTColor.swift */,
				041483DB2356EFEC0034D103 /* KTMacro.swift */,
				04817B1F2358066E00C13F61 /* KTRefresh.swift */,
			);
			path = Tool;
			sourceTree = "<group>";
		};
		22A808B20A073EBC6000D2C9 /* Frameworks */ = {
			isa = PBXGroup;
			children = (
				ABCE6C83F54369394ECECAE6 /* Pods_SwiftDemo.framework */,
			);
			name = Frameworks;
			sourceTree = "<group>";
		};
		99F0D027695F3E5D0150EA7D /* Pods */ = {
			isa = PBXGroup;
			children = (
				8D07421EF5472A16D44ADBF0 /* Pods-SwiftDemo.debug.xcconfig */,
				8CA4A6C7D0DF93D216A3F20C /* Pods-SwiftDemo.release.xcconfig */,
			);
			path = Pods;
			sourceTree = "<group>";
		};
/* End PBXGroup section */

/* Begin PBXNativeTarget section */
		041CEA91234F028700AB126F /* SwiftDemo */ = {
			isa = PBXNativeTarget;
			buildConfigurationList = 041CEABD234F028900AB126F /* Build configuration list for PBXNativeTarget "SwiftDemo" */;
			buildPhases = (
				9BA452D51673B5C45B0B59CC /* [CP] Check Pods Manifest.lock */,
				041CEA8E234F028700AB126F /* Sources */,
				041CEA8F234F028700AB126F /* Frameworks */,
				041CEA90234F028700AB126F /* Resources */,
				49CB786CEF885F6BC91E6321 /* [CP] Embed Pods Frameworks */,
			);
			buildRules = (
			);
			dependencies = (
			);
			name = SwiftDemo;
			productName = SwiftDemo;
			productReference = 041CEA92234F028700AB126F /* SwiftDemo.app */;
			productType = "com.apple.product-type.application";
		};
		041CEAA8234F028900AB126F /* SwiftDemoTests */ = {
			isa = PBXNativeTarget;
			buildConfigurationList = 041CEAC0234F028900AB126F /* Build configuration list for PBXNativeTarget "SwiftDemoTests" */;
			buildPhases = (
				041CEAA5234F028900AB126F /* Sources */,
				041CEAA6234F028900AB126F /* Frameworks */,
				041CEAA7234F028900AB126F /* Resources */,
			);
			buildRules = (
			);
			dependencies = (
				041CEAAB234F028900AB126F /* PBXTargetDependency */,
			);
			name = SwiftDemoTests;
			productName = SwiftDemoTests;
			productReference = 041CEAA9234F028900AB126F /* SwiftDemoTests.xctest */;
			productType = "com.apple.product-type.bundle.unit-test";
		};
		041CEAB3234F028900AB126F /* SwiftDemoUITests */ = {
			isa = PBXNativeTarget;
			buildConfigurationList = 041CEAC3234F028900AB126F /* Build configuration list for PBXNativeTarget "SwiftDemoUITests" */;
			buildPhases = (
				041CEAB0234F028900AB126F /* Sources */,
				041CEAB1234F028900AB126F /* Frameworks */,
				041CEAB2234F028900AB126F /* Resources */,
			);
			buildRules = (
			);
			dependencies = (
				041CEAB6234F028900AB126F /* PBXTargetDependency */,
			);
			name = SwiftDemoUITests;
			productName = SwiftDemoUITests;
			productReference = 041CEAB4234F028900AB126F /* SwiftDemoUITests.xctest */;
			productType = "com.apple.product-type.bundle.ui-testing";
		};
/* End PBXNativeTarget section */

/* Begin PBXProject section */
		041CEA8A234F028700AB126F /* Project object */ = {
			isa = PBXProject;
			attributes = {
				LastSwiftUpdateCheck = 1030;
				LastUpgradeCheck = 1030;
				ORGANIZATIONNAME = Ketil;
				TargetAttributes = {
					041CEA91234F028700AB126F = {
						CreatedOnToolsVersion = 10.3;
						LastSwiftMigration = 1030;
					};
					041CEAA8234F028900AB126F = {
						CreatedOnToolsVersion = 10.3;
						TestTargetID = 041CEA91234F028700AB126F;
					};
					041CEAB3234F028900AB126F = {
						CreatedOnToolsVersion = 10.3;
						TestTargetID = 041CEA91234F028700AB126F;
					};
				};
			};
			buildConfigurationList = 041CEA8D234F028700AB126F /* Build configuration list for PBXProject "SwiftDemo" */;
			compatibilityVersion = "Xcode 9.3";
			developmentRegion = en;
			hasScannedForEncodings = 0;
			knownRegions = (
				en,
				Base,
			);
			mainGroup = 041CEA89234F028700AB126F;
			productRefGroup = 041CEA93234F028700AB126F /* Products */;
			projectDirPath = "";
			projectRoot = "";
			targets = (
				041CEA91234F028700AB126F /* SwiftDemo */,
				041CEAA8234F028900AB126F /* SwiftDemoTests */,
				041CEAB3234F028900AB126F /* SwiftDemoUITests */,
			);
		};
/* End PBXProject section */

/* Begin PBXResourcesBuildPhase section */
		041CEA90234F028700AB126F /* Resources */ = {
			isa = PBXResourcesBuildPhase;
			buildActionMask = 2147483647;
			files = (
				041CEAA3234F028900AB126F /* LaunchScreen.storyboard in Resources */,
				041CEAA0234F028900AB126F /* Assets.xcassets in Resources */,
				041CEA9B234F028700AB126F /* Main.storyboard in Resources */,
			);
			runOnlyForDeploymentPostprocessing = 0;
		};
		041CEAA7234F028900AB126F /* Resources */ = {
			isa = PBXResourcesBuildPhase;
			buildActionMask = 2147483647;
			files = (
			);
			runOnlyForDeploymentPostprocessing = 0;
		};
		041CEAB2234F028900AB126F /* Resources */ = {
			isa = PBXResourcesBuildPhase;
			buildActionMask = 2147483647;
			files = (
			);
			runOnlyForDeploymentPostprocessing = 0;
		};
/* End PBXResourcesBuildPhase section */

/* Begin PBXShellScriptBuildPhase section */
		49CB786CEF885F6BC91E6321 /* [CP] Embed Pods Frameworks */ = {
			isa = PBXShellScriptBuildPhase;
			buildActionMask = 2147483647;
			files = (
			);
			inputFileListPaths = (
				"${PODS_ROOT}/Target Support Files/Pods-SwiftDemo/Pods-SwiftDemo-frameworks-${CONFIGURATION}-input-files.xcfilelist",
			);
			name = "[CP] Embed Pods Frameworks";
			outputFileListPaths = (
				"${PODS_ROOT}/Target Support Files/Pods-SwiftDemo/Pods-SwiftDemo-frameworks-${CONFIGURATION}-output-files.xcfilelist",
			);
			runOnlyForDeploymentPostprocessing = 0;
			shellPath = /bin/sh;
			shellScript = "\"${PODS_ROOT}/Target Support Files/Pods-SwiftDemo/Pods-SwiftDemo-frameworks.sh\"\n";
			showEnvVarsInLog = 0;
		};
		9BA452D51673B5C45B0B59CC /* [CP] Check Pods Manifest.lock */ = {
			isa = PBXShellScriptBuildPhase;
			buildActionMask = 2147483647;
			files = (
			);
			inputFileListPaths = (
			);
			inputPaths = (
				"${PODS_PODFILE_DIR_PATH}/Podfile.lock",
				"${PODS_ROOT}/Manifest.lock",
			);
			name = "[CP] Check Pods Manifest.lock";
			outputFileListPaths = (
			);
			outputPaths = (
				"$(DERIVED_FILE_DIR)/Pods-SwiftDemo-checkManifestLockResult.txt",
			);
			runOnlyForDeploymentPostprocessing = 0;
			shellPath = /bin/sh;
			shellScript = "diff \"${PODS_PODFILE_DIR_PATH}/Podfile.lock\" \"${PODS_ROOT}/Manifest.lock\" > /dev/null\nif [ $? != 0 ] ; then\n    # print error to STDERR\n    echo \"error: The sandbox is not in sync with the Podfile.lock. Run 'pod install' or update your CocoaPods installation.\" >&2\n    exit 1\nfi\n# This output is used by Xcode 'outputs' to avoid re-running this script phase.\necho \"SUCCESS\" > \"${SCRIPT_OUTPUT_FILE_0}\"\n";
			showEnvVarsInLog = 0;
		};
/* End PBXShellScriptBuildPhase section */

/* Begin PBXSourcesBuildPhase section */
		041CEA8E234F028700AB126F /* Sources */ = {
			isa = PBXSourcesBuildPhase;
			buildActionMask = 2147483647;
			files = (
				04FD0BF5235570D2003415E9 /* TotalModel.swift in Sources */,
				041CEAD123507B0D00AB126F /* BaseModel.swift in Sources */,
				04817B202358066E00C13F61 /* KTRefresh.swift in Sources */,
				041483DA2356BCD20034D103 /* KTColor.swift in Sources */,
				04FD0BF3235568AA003415E9 /* UserModel.swift in Sources */,
				041CEACD234F2A5600AB126F /* KTNetworking.swift in Sources */,
				041CEA98234F028700AB126F /* ViewController.swift in Sources */,
				04AF064D2355C7D000783719 /* KTObject.m in Sources */,
				04AF064F2355C81B00783719 /* SwiftNotice.swift in Sources */,
				041CEA9E234F028700AB126F /* SwiftDemo.xcdatamodeld in Sources */,
				041CEA96234F028700AB126F /* AppDelegate.swift in Sources */,
				04FD0BF72355C552003415E9 /* KTHud.swift in Sources */,
				041CEACF23507AE700AB126F /* BannerModel.swift in Sources */,
				041483DC2356EFEC0034D103 /* KTMacro.swift in Sources */,
			);
			runOnlyForDeploymentPostprocessing = 0;
		};
		041CEAA5234F028900AB126F /* Sources */ = {
			isa = PBXSourcesBuildPhase;
			buildActionMask = 2147483647;
			files = (
				041CEAAE234F028900AB126F /* SwiftDemoTests.swift in Sources */,
			);
			runOnlyForDeploymentPostprocessing = 0;
		};
		041CEAB0234F028900AB126F /* Sources */ = {
			isa = PBXSourcesBuildPhase;
			buildActionMask = 2147483647;
			files = (
				041CEAB9234F028900AB126F /* SwiftDemoUITests.swift in Sources */,
			);
			runOnlyForDeploymentPostprocessing = 0;
		};
/* End PBXSourcesBuildPhase section */

/* Begin PBXTargetDependency section */
		041CEAAB234F028900AB126F /* PBXTargetDependency */ = {
			isa = PBXTargetDependency;
			target = 041CEA91234F028700AB126F /* SwiftDemo */;
			targetProxy = 041CEAAA234F028900AB126F /* PBXContainerItemProxy */;
		};
		041CEAB6234F028900AB126F /* PBXTargetDependency */ = {
			isa = PBXTargetDependency;
			target = 041CEA91234F028700AB126F /* SwiftDemo */;
			targetProxy = 041CEAB5234F028900AB126F /* PBXContainerItemProxy */;
		};
/* End PBXTargetDependency section */

/* Begin PBXVariantGroup section */
		041CEA99234F028700AB126F /* Main.storyboard */ = {
			isa = PBXVariantGroup;
			children = (
				041CEA9A234F028700AB126F /* Base */,
			);
			name = Main.storyboard;
			sourceTree = "<group>";
		};
		041CEAA1234F028900AB126F /* LaunchScreen.storyboard */ = {
			isa = PBXVariantGroup;
			children = (
				041CEAA2234F028900AB126F /* Base */,
			);
			name = LaunchScreen.storyboard;
			sourceTree = "<group>";
		};
/* End PBXVariantGroup section */

/* Begin XCBuildConfiguration section */
		041CEABB234F028900AB126F /* Debug */ = {
			isa = XCBuildConfiguration;
			buildSettings = {
				ALWAYS_SEARCH_USER_PATHS = NO;
				CLANG_ANALYZER_NONNULL = YES;
				CLANG_ANALYZER_NUMBER_OBJECT_CONVERSION = YES_AGGRESSIVE;
				CLANG_CXX_LANGUAGE_STANDARD = "gnu++14";
				CLANG_CXX_LIBRARY = "libc++";
				CLANG_ENABLE_MODULES = YES;
				CLANG_ENABLE_OBJC_ARC = YES;
				CLANG_ENABLE_OBJC_WEAK = YES;
				CLANG_WARN_BLOCK_CAPTURE_AUTORELEASING = YES;
				CLANG_WARN_BOOL_CONVERSION = YES;
				CLANG_WARN_COMMA = YES;
				CLANG_WARN_CONSTANT_CONVERSION = YES;
				CLANG_WARN_DEPRECATED_OBJC_IMPLEMENTATIONS = YES;
				CLANG_WARN_DIRECT_OBJC_ISA_USAGE = YES_ERROR;
				CLANG_WARN_DOCUMENTATION_COMMENTS = YES;
				CLANG_WARN_EMPTY_BODY = YES;
				CLANG_WARN_ENUM_CONVERSION = YES;
				CLANG_WARN_INFINITE_RECURSION = YES;
				CLANG_WARN_INT_CONVERSION = YES;
				CLANG_WARN_NON_LITERAL_NULL_CONVERSION = YES;
				CLANG_WARN_OBJC_IMPLICIT_RETAIN_SELF = YES;
				CLANG_WARN_OBJC_LITERAL_CONVERSION = YES;
				CLANG_WARN_OBJC_ROOT_CLASS = YES_ERROR;
				CLANG_WARN_RANGE_LOOP_ANALYSIS = YES;
				CLANG_WARN_STRICT_PROTOTYPES = YES;
				CLANG_WARN_SUSPICIOUS_MOVE = YES;
				CLANG_WARN_UNGUARDED_AVAILABILITY = YES_AGGRESSIVE;
				CLANG_WARN_UNREACHABLE_CODE = YES;
				CLANG_WARN__DUPLICATE_METHOD_MATCH = YES;
				CODE_SIGN_IDENTITY = "iPhone Developer";
				COPY_PHASE_STRIP = NO;
				DEBUG_INFORMATION_FORMAT = dwarf;
				ENABLE_STRICT_OBJC_MSGSEND = YES;
				ENABLE_TESTABILITY = YES;
				GCC_C_LANGUAGE_STANDARD = gnu11;
				GCC_DYNAMIC_NO_PIC = NO;
				GCC_NO_COMMON_BLOCKS = YES;
				GCC_OPTIMIZATION_LEVEL = 0;
				GCC_PREPROCESSOR_DEFINITIONS = (
					"DEBUG=1",
					"$(inherited)",
				);
				GCC_WARN_64_TO_32_BIT_CONVERSION = YES;
				GCC_WARN_ABOUT_RETURN_TYPE = YES_ERROR;
				GCC_WARN_UNDECLARED_SELECTOR = YES;
				GCC_WARN_UNINITIALIZED_AUTOS = YES_AGGRESSIVE;
				GCC_WARN_UNUSED_FUNCTION = YES;
				GCC_WARN_UNUSED_VARIABLE = YES;
				IPHONEOS_DEPLOYMENT_TARGET = 12.4;
				MTL_ENABLE_DEBUG_INFO = INCLUDE_SOURCE;
				MTL_FAST_MATH = YES;
				ONLY_ACTIVE_ARCH = YES;
				SDKROOT = iphoneos;
				SWIFT_ACTIVE_COMPILATION_CONDITIONS = DEBUG;
				SWIFT_OPTIMIZATION_LEVEL = "-Onone";
			};
			name = Debug;
		};
		041CEABC234F028900AB126F /* Release */ = {
			isa = XCBuildConfiguration;
			buildSettings = {
				ALWAYS_SEARCH_USER_PATHS = NO;
				CLANG_ANALYZER_NONNULL = YES;
				CLANG_ANALYZER_NUMBER_OBJECT_CONVERSION = YES_AGGRESSIVE;
				CLANG_CXX_LANGUAGE_STANDARD = "gnu++14";
				CLANG_CXX_LIBRARY = "libc++";
				CLANG_ENABLE_MODULES = YES;
				CLANG_ENABLE_OBJC_ARC = YES;
				CLANG_ENABLE_OBJC_WEAK = YES;
				CLANG_WARN_BLOCK_CAPTURE_AUTORELEASING = YES;
				CLANG_WARN_BOOL_CONVERSION = YES;
				CLANG_WARN_COMMA = YES;
				CLANG_WARN_CONSTANT_CONVERSION = YES;
				CLANG_WARN_DEPRECATED_OBJC_IMPLEMENTATIONS = YES;
				CLANG_WARN_DIRECT_OBJC_ISA_USAGE = YES_ERROR;
				CLANG_WARN_DOCUMENTATION_COMMENTS = YES;
				CLANG_WARN_EMPTY_BODY = YES;
				CLANG_WARN_ENUM_CONVERSION = YES;
				CLANG_WARN_INFINITE_RECURSION = YES;
				CLANG_WARN_INT_CONVERSION = YES;
				CLANG_WARN_NON_LITERAL_NULL_CONVERSION = YES;
				CLANG_WARN_OBJC_IMPLICIT_RETAIN_SELF = YES;
				CLANG_WARN_OBJC_LITERAL_CONVERSION = YES;
				CLANG_WARN_OBJC_ROOT_CLASS = YES_ERROR;
				CLANG_WARN_RANGE_LOOP_ANALYSIS = YES;
				CLANG_WARN_STRICT_PROTOTYPES = YES;
				CLANG_WARN_SUSPICIOUS_MOVE = YES;
				CLANG_WARN_UNGUARDED_AVAILABILITY = YES_AGGRESSIVE;
				CLANG_WARN_UNREACHABLE_CODE = YES;
				CLANG_WARN__DUPLICATE_METHOD_MATCH = YES;
				CODE_SIGN_IDENTITY = "iPhone Developer";
				COPY_PHASE_STRIP = NO;
				DEBUG_INFORMATION_FORMAT = "dwarf-with-dsym";
				ENABLE_NS_ASSERTIONS = NO;
				ENABLE_STRICT_OBJC_MSGSEND = YES;
				GCC_C_LANGUAGE_STANDARD = gnu11;
				GCC_NO_COMMON_BLOCKS = YES;
				GCC_WARN_64_TO_32_BIT_CONVERSION = YES;
				GCC_WARN_ABOUT_RETURN_TYPE = YES_ERROR;
				GCC_WARN_UNDECLARED_SELECTOR = YES;
				GCC_WARN_UNINITIALIZED_AUTOS = YES_AGGRESSIVE;
				GCC_WARN_UNUSED_FUNCTION = YES;
				GCC_WARN_UNUSED_VARIABLE = YES;
				IPHONEOS_DEPLOYMENT_TARGET = 12.4;
				MTL_ENABLE_DEBUG_INFO = NO;
				MTL_FAST_MATH = YES;
				SDKROOT = iphoneos;
				SWIFT_COMPILATION_MODE = wholemodule;
				SWIFT_OPTIMIZATION_LEVEL = "-O";
				VALIDATE_PRODUCT = YES;
			};
			name = Release;
		};
		041CEABE234F028900AB126F /* Debug */ = {
			isa = XCBuildConfiguration;
			baseConfigurationReference = 8D07421EF5472A16D44ADBF0 /* Pods-SwiftDemo.debug.xcconfig */;
			buildSettings = {
				ASSETCATALOG_COMPILER_APPICON_NAME = AppIcon;
				CLANG_ENABLE_MODULES = YES;
				CODE_SIGN_STYLE = Automatic;
				DEVELOPMENT_TEAM = "";
				INFOPLIST_FILE = "$(SRCROOT)/SwiftDemo/Support/Info.plist";
				IPHONEOS_DEPLOYMENT_TARGET = 8.0;
				LD_RUNPATH_SEARCH_PATHS = (
					"$(inherited)",
					"@executable_path/Frameworks",
				);
				PRODUCT_BUNDLE_IDENTIFIER = com.Ketil.SwiftDemo;
				PRODUCT_NAME = "$(TARGET_NAME)";
				SWIFT_OBJC_BRIDGING_HEADER = "SwiftDemo/Support/SwiftDemo-Bridging-Header.h";
				SWIFT_OPTIMIZATION_LEVEL = "-Onone";
				SWIFT_VERSION = 5.0;
				TARGETED_DEVICE_FAMILY = "1,2";
			};
			name = Debug;
		};
		041CEABF234F028900AB126F /* Release */ = {
			isa = XCBuildConfiguration;
			baseConfigurationReference = 8CA4A6C7D0DF93D216A3F20C /* Pods-SwiftDemo.release.xcconfig */;
			buildSettings = {
				ASSETCATALOG_COMPILER_APPICON_NAME = AppIcon;
				CLANG_ENABLE_MODULES = YES;
				CODE_SIGN_STYLE = Automatic;
				DEVELOPMENT_TEAM = "";
				INFOPLIST_FILE = "$(SRCROOT)/SwiftDemo/Support/Info.plist";
				IPHONEOS_DEPLOYMENT_TARGET = 8.0;
				LD_RUNPATH_SEARCH_PATHS = (
					"$(inherited)",
					"@executable_path/Frameworks",
				);
				PRODUCT_BUNDLE_IDENTIFIER = com.Ketil.SwiftDemo;
				PRODUCT_NAME = "$(TARGET_NAME)";
				SWIFT_OBJC_BRIDGING_HEADER = "SwiftDemo/Support/SwiftDemo-Bridging-Header.h";
				SWIFT_VERSION = 5.0;
				TARGETED_DEVICE_FAMILY = "1,2";
			};
			name = Release;
		};
		041CEAC1234F028900AB126F /* Debug */ = {
			isa = XCBuildConfiguration;
			buildSettings = {
				ALWAYS_EMBED_SWIFT_STANDARD_LIBRARIES = YES;
				BUNDLE_LOADER = "$(TEST_HOST)";
				CODE_SIGN_STYLE = Automatic;
				DEVELOPMENT_TEAM = 558A8JRA32;
				INFOPLIST_FILE = SwiftDemoTests/Info.plist;
				LD_RUNPATH_SEARCH_PATHS = (
					"$(inherited)",
					"@executable_path/Frameworks",
					"@loader_path/Frameworks",
				);
				PRODUCT_BUNDLE_IDENTIFIER = com.Ketil.SwiftDemoTests;
				PRODUCT_NAME = "$(TARGET_NAME)";
				SWIFT_VERSION = 5.0;
				TARGETED_DEVICE_FAMILY = "1,2";
				TEST_HOST = "$(BUILT_PRODUCTS_DIR)/SwiftDemo.app/SwiftDemo";
			};
			name = Debug;
		};
		041CEAC2234F028900AB126F /* Release */ = {
			isa = XCBuildConfiguration;
			buildSettings = {
				ALWAYS_EMBED_SWIFT_STANDARD_LIBRARIES = YES;
				BUNDLE_LOADER = "$(TEST_HOST)";
				CODE_SIGN_STYLE = Automatic;
				DEVELOPMENT_TEAM = 558A8JRA32;
				INFOPLIST_FILE = SwiftDemoTests/Info.plist;
				LD_RUNPATH_SEARCH_PATHS = (
					"$(inherited)",
					"@executable_path/Frameworks",
					"@loader_path/Frameworks",
				);
				PRODUCT_BUNDLE_IDENTIFIER = com.Ketil.SwiftDemoTests;
				PRODUCT_NAME = "$(TARGET_NAME)";
				SWIFT_VERSION = 5.0;
				TARGETED_DEVICE_FAMILY = "1,2";
				TEST_HOST = "$(BUILT_PRODUCTS_DIR)/SwiftDemo.app/SwiftDemo";
			};
			name = Release;
		};
		041CEAC4234F028900AB126F /* Debug */ = {
			isa = XCBuildConfiguration;
			buildSettings = {
				ALWAYS_EMBED_SWIFT_STANDARD_LIBRARIES = YES;
				CODE_SIGN_STYLE = Automatic;
				DEVELOPMENT_TEAM = 558A8JRA32;
				INFOPLIST_FILE = SwiftDemoUITests/Info.plist;
				LD_RUNPATH_SEARCH_PATHS = (
					"$(inherited)",
					"@executable_path/Frameworks",
					"@loader_path/Frameworks",
				);
				PRODUCT_BUNDLE_IDENTIFIER = com.Ketil.SwiftDemoUITests;
				PRODUCT_NAME = "$(TARGET_NAME)";
				SWIFT_VERSION = 5.0;
				TARGETED_DEVICE_FAMILY = "1,2";
				TEST_TARGET_NAME = SwiftDemo;
			};
			name = Debug;
		};
		041CEAC5234F028900AB126F /* Release */ = {
			isa = XCBuildConfiguration;
			buildSettings = {
				ALWAYS_EMBED_SWIFT_STANDARD_LIBRARIES = YES;
				CODE_SIGN_STYLE = Automatic;
				DEVELOPMENT_TEAM = 558A8JRA32;
				INFOPLIST_FILE = SwiftDemoUITests/Info.plist;
				LD_RUNPATH_SEARCH_PATHS = (
					"$(inherited)",
					"@executable_path/Frameworks",
					"@loader_path/Frameworks",
				);
				PRODUCT_BUNDLE_IDENTIFIER = com.Ketil.SwiftDemoUITests;
				PRODUCT_NAME = "$(TARGET_NAME)";
				SWIFT_VERSION = 5.0;
				TARGETED_DEVICE_FAMILY = "1,2";
				TEST_TARGET_NAME = SwiftDemo;
			};
			name = Release;
		};
/* End XCBuildConfiguration section */

/* Begin XCConfigurationList section */
		041CEA8D234F028700AB126F /* Build configuration list for PBXProject "SwiftDemo" */ = {
			isa = XCConfigurationList;
			buildConfigurations = (
				041CEABB234F028900AB126F /* Debug */,
				041CEABC234F028900AB126F /* Release */,
			);
			defaultConfigurationIsVisible = 0;
			defaultConfigurationName = Release;
		};
		041CEABD234F028900AB126F /* Build configuration list for PBXNativeTarget "SwiftDemo" */ = {
			isa = XCConfigurationList;
			buildConfigurations = (
				041CEABE234F028900AB126F /* Debug */,
				041CEABF234F028900AB126F /* Release */,
			);
			defaultConfigurationIsVisible = 0;
			defaultConfigurationName = Release;
		};
		041CEAC0234F028900AB126F /* Build configuration list for PBXNativeTarget "SwiftDemoTests" */ = {
			isa = XCConfigurationList;
			buildConfigurations = (
				041CEAC1234F028900AB126F /* Debug */,
				041CEAC2234F028900AB126F /* Release */,
			);
			defaultConfigurationIsVisible = 0;
			defaultConfigurationName = Release;
		};
		041CEAC3234F028900AB126F /* Build configuration list for PBXNativeTarget "SwiftDemoUITests" */ = {
			isa = XCConfigurationList;
			buildConfigurations = (
				041CEAC4234F028900AB126F /* Debug */,
				041CEAC5234F028900AB126F /* Release */,
			);
			defaultConfigurationIsVisible = 0;
			defaultConfigurationName = Release;
		};
/* End XCConfigurationList section */

/* Begin XCVersionGroup section */
		041CEA9C234F028700AB126F /* SwiftDemo.xcdatamodeld */ = {
			isa = XCVersionGroup;
			children = (
				041CEA9D234F028700AB126F /* SwiftDemo.xcdatamodel */,
			);
			currentVersion = 041CEA9D234F028700AB126F /* SwiftDemo.xcdatamodel */;
			path = SwiftDemo.xcdatamodeld;
			sourceTree = "<group>";
			versionGroupType = wrapper.xcdatamodel;
		};
/* End XCVersionGroup section */
	};
	rootObject = 041CEA8A234F028700AB126F /* Project object */;
}
